# This file is automatically @generated by Poetry 2.1.1 and should not be changed by hand.

[[package]]
name = "anyio"
version = "4.5.2"
description = "High level compatibility layer for multiple asynchronous event loop implementations"
optional = false
python-versions = ">=3.8"
groups = ["dev"]
files = [
    {file = "anyio-4.5.2-py3-none-any.whl", hash = "sha256:c011ee36bc1e8ba40e5a81cb9df91925c218fe9b778554e0b56a21e1b5d4716f"},
    {file = "anyio-4.5.2.tar.gz", hash = "sha256:23009af4ed04ce05991845451e11ef02fc7c5ed29179ac9a420e5ad0ac7ddc5b"},
]

[package.dependencies]
exceptiongroup = {version = ">=1.0.2", markers = "python_version < \"3.11\""}
idna = ">=2.8"
sniffio = ">=1.1"
typing-extensions = {version = ">=4.1", markers = "python_version < \"3.11\""}

[package.extras]
doc = ["Sphinx (>=7.4,<8.0)", "packaging", "sphinx-autodoc-typehints (>=1.2.0)", "sphinx-rtd-theme"]
test = ["anyio[trio]", "coverage[toml] (>=7)", "exceptiongroup (>=1.2.0)", "hypothesis (>=4.0)", "psutil (>=5.9)", "pytest (>=7.0)", "pytest-mock (>=3.6.1)", "trustme", "truststore (>=0.9.1) ; python_version >= \"3.10\"", "uvloop (>=0.21.0b1) ; platform_python_implementation == \"CPython\" and platform_system != \"Windows\""]
trio = ["trio (>=0.26.1)"]

[[package]]
name = "asgiref"
version = "3.8.1"
description = "ASGI specs, helper code, and adapters"
optional = false
python-versions = ">=3.8"
groups = ["main"]
files = [
    {file = "asgiref-3.8.1-py3-none-any.whl", hash = "sha256:3e1e3ecc849832fe52ccf2cb6686b7a55f82bb1d6aee72a58826471390335e47"},
    {file = "asgiref-3.8.1.tar.gz", hash = "sha256:c343bd80a0bec947a9860adb4c432ffa7db769836c64238fc34bdc3fec84d590"},
]

[package.dependencies]
typing-extensions = {version = ">=4", markers = "python_version < \"3.11\""}

[package.extras]
tests = ["mypy (>=0.800)", "pytest", "pytest-asyncio"]

[[package]]
name = "certifi"
version = "2025.1.31"
description = "Python package for providing Mozilla's CA Bundle."
optional = false
python-versions = ">=3.6"
groups = ["dev"]
files = [
    {file = "certifi-2025.1.31-py3-none-any.whl", hash = "sha256:ca78db4565a652026a4db2bcdf68f2fb589ea80d0be70e03929ed730746b84fe"},
    {file = "certifi-2025.1.31.tar.gz", hash = "sha256:3d5da6925056f6f18f119200434a4780a94263f10d1c21d032a6f6b2baa20651"},
]

[[package]]
name = "click"
version = "8.1.8"
description = "Composable command line interface toolkit"
optional = false
python-versions = ">=3.7"
groups = ["main"]
files = [
    {file = "click-8.1.8-py3-none-any.whl", hash = "sha256:63c132bbbed01578a06712a2d1f497bb62d9c1c0d329b7903a866228027263b2"},
    {file = "click-8.1.8.tar.gz", hash = "sha256:ed53c9d8990d83c2a27deae68e4ee337473f6330c040a31d4225c9574d16096a"},
]

[package.dependencies]
colorama = {version = "*", markers = "platform_system == \"Windows\""}

[[package]]
name = "colorama"
version = "0.4.6"
description = "Cross-platform colored terminal text."
optional = false
python-versions = "!=3.0.*,!=3.1.*,!=3.2.*,!=3.3.*,!=3.4.*,!=3.5.*,!=3.6.*,>=2.7"
groups = ["main", "dev"]
files = [
    {file = "colorama-0.4.6-py2.py3-none-any.whl", hash = "sha256:4f1d9991f5acc0ca119f9d443620b77f9d6b33703e51011c16baf57afb285fc6"},
    {file = "colorama-0.4.6.tar.gz", hash = "sha256:08695f5cb7ed6e0531a20572697297273c47b8cae5a63ffc6d6ed5c201be6e44"},
]
markers = {main = "platform_system == \"Windows\"", dev = "sys_platform == \"win32\""}

[[package]]
name = "exceptiongroup"
version = "1.2.2"
description = "Backport of PEP 654 (exception groups)"
optional = false
python-versions = ">=3.7"
groups = ["dev"]
markers = "python_version < \"3.11\""
files = [
    {file = "exceptiongroup-1.2.2-py3-none-any.whl", hash = "sha256:3111b9d131c238bec2f8f516e123e14ba243563fb135d3fe885990585aa7795b"},
    {file = "exceptiongroup-1.2.2.tar.gz", hash = "sha256:47c2edf7c6738fafb49fd34290706d1a1a2f4d1c6df275526b62cbb4aa5393cc"},
]

[package.extras]
test = ["pytest (>=6)"]

[[package]]
name = "fastapi"
version = "0.68.2"
description = "FastAPI framework, high performance, easy to learn, fast to code, ready for production"
optional = false
python-versions = ">=3.6.1"
groups = ["main"]
files = [
    {file = "fastapi-0.68.2-py3-none-any.whl", hash = "sha256:36bcdd3dbea87c586061005e4a40b9bd0145afd766655b4e0ec1d8870b32555c"},
    {file = "fastapi-0.68.2.tar.gz", hash = "sha256:38526fc46bda73f7ec92033952677323c16061e70a91d15c95f18b11895da494"},
]

[package.dependencies]
pydantic = ">=1.6.2,<1.7 || >1.7,<1.7.1 || >1.7.1,<1.7.2 || >1.7.2,<1.7.3 || >1.7.3,<1.8 || >1.8,<1.8.1 || >1.8.1,<2.0.0"
starlette = "0.14.2"

[package.extras]
all = ["aiofiles (>=0.5.0,<0.8.0)", "async_exit_stack (>=1.0.1,<2.0.0) ; python_version < \"3.7\"", "async_generator (>=1.10,<2.0.0) ; python_version < \"3.7\"", "email_validator (>=1.1.1,<2.0.0)", "graphene (>=2.1.8,<3.0.0)", "itsdangerous (>=1.1.0,<2.0.0)", "jinja2 (>=2.11.2,<3.0.0)", "orjson (>=3.2.1,<4.0.0)", "python-multipart (>=0.0.5,<0.0.6)", "pyyaml (>=5.3.1,<6.0.0)", "requests (>=2.24.0,<3.0.0)", "ujson (>=4.0.1,<5.0.0)", "uvicorn[standard] (>=0.12.0,<0.16.0)"]
dev = ["autoflake (>=1.4.0,<2.0.0)", "flake8 (>=3.8.3,<4.0.0)", "graphene (>=2.1.8,<3.0.0)", "passlib[bcrypt] (>=1.7.2,<2.0.0)", "python-jose[cryptography] (>=3.3.0,<4.0.0)", "uvicorn[standard] (>=0.12.0,<0.16.0)"]
doc = ["mdx-include (>=1.4.1,<2.0.0)", "mkdocs (>=1.1.2,<2.0.0)", "mkdocs-markdownextradata-plugin (>=0.1.7,<0.3.0)", "mkdocs-material (>=7.1.9,<8.0.0)", "pyyaml (>=5.3.1,<6.0.0)", "typer-cli (>=0.0.12,<0.0.13)"]
test = ["aiofiles (>=0.5.0,<0.8.0)", "async_exit_stack (>=1.0.1,<2.0.0) ; python_version < \"3.7\"", "async_generator (>=1.10,<2.0.0) ; python_version < \"3.7\"", "black (==21.9b0)", "databases[sqlite] (>=0.3.2,<0.6.0)", "email_validator (>=1.1.1,<2.0.0)", "flake8 (>=3.8.3,<4.0.0)", "flask (>=1.1.2,<2.0.0)", "httpx (>=0.14.0,<0.19.0)", "isort (>=5.0.6,<6.0.0)", "mypy (==0.910)", "orjson (>=3.2.1,<4.0.0)", "peewee (>=3.13.3,<4.0.0)", "pytest (>=6.2.4,<7.0.0)", "pytest-asyncio (>=0.14.0,<0.16.0)", "pytest-cov (>=2.12.0,<4.0.0)", "python-multipart (>=0.0.5,<0.0.6)", "requests (>=2.24.0,<3.0.0)", "sqlalchemy (>=1.3.18,<1.5.0)", "types-dataclasses (==0.1.7) ; python_version < \"3.7\"", "types-orjson (==3.6.0)", "types-ujson (==0.1.1)", "ujson (>=4.0.1,<5.0.0)"]

[[package]]
name = "h11"
version = "0.14.0"
description = "A pure-Python, bring-your-own-I/O implementation of HTTP/1.1"
optional = false
python-versions = ">=3.7"
groups = ["main", "dev"]
files = [
    {file = "h11-0.14.0-py3-none-any.whl", hash = "sha256:e3fe4ac4b851c468cc8363d500db52c2ead036020723024a109d37346efaa761"},
    {file = "h11-0.14.0.tar.gz", hash = "sha256:8f19fbbe99e72420ff35c00b27a34cb9937e902a8b810e2c88300c6f0a3b699d"},
]

[[package]]
name = "httpcore"
version = "0.16.3"
description = "A minimal low-level HTTP client."
optional = false
python-versions = ">=3.7"
groups = ["dev"]
files = [
    {file = "httpcore-0.16.3-py3-none-any.whl", hash = "sha256:da1fb708784a938aa084bde4feb8317056c55037247c787bd7e19eb2c2949dc0"},
    {file = "httpcore-0.16.3.tar.gz", hash = "sha256:c5d6f04e2fc530f39e0c077e6a30caa53f1451096120f1f38b954afd0b17c0cb"},
]

[package.dependencies]
anyio = ">=3.0,<5.0"
certifi = "*"
h11 = ">=0.13,<0.15"
sniffio = "==1.*"

[package.extras]
http2 = ["h2 (>=3,<5)"]
socks = ["socksio (==1.*)"]

[[package]]
name = "httpx"
version = "0.23.3"
description = "The next generation HTTP client."
optional = false
python-versions = ">=3.7"
groups = ["dev"]
files = [
    {file = "httpx-0.23.3-py3-none-any.whl", hash = "sha256:a211fcce9b1254ea24f0cd6af9869b3d29aba40154e947d2a07bb499b3e310d6"},
    {file = "httpx-0.23.3.tar.gz", hash = "sha256:9818458eb565bb54898ccb9b8b251a28785dd4a55afbc23d0eb410754fe7d0f9"},
]

[package.dependencies]
certifi = "*"
httpcore = ">=0.15.0,<0.17.0"
rfc3986 = {version = ">=1.3,<2", extras = ["idna2008"]}
sniffio = "*"

[package.extras]
brotli = ["brotli ; platform_python_implementation == \"CPython\"", "brotlicffi ; platform_python_implementation != \"CPython\""]
cli = ["click (==8.*)", "pygments (==2.*)", "rich (>=10,<13)"]
http2 = ["h2 (>=3,<5)"]
socks = ["socksio (==1.*)"]

[[package]]
name = "idna"
version = "3.10"
description = "Internationalized Domain Names in Applications (IDNA)"
optional = false
python-versions = ">=3.6"
groups = ["dev"]
files = [
    {file = "idna-3.10-py3-none-any.whl", hash = "sha256:946d195a0d259cbba61165e88e65941f16e9b36ea6ddb97f00452bae8b1287d3"},
    {file = "idna-3.10.tar.gz", hash = "sha256:12f65c9b470abda6dc35cf8e63cc574b1c52b11df2c86030af0ac09b01b13ea9"},
]

[package.extras]
all = ["flake8 (>=7.1.1)", "mypy (>=1.11.2)", "pytest (>=8.3.2)", "ruff (>=0.6.2)"]

[[package]]
name = "iniconfig"
version = "2.1.0"
description = "brain-dead simple config-ini parsing"
optional = false
python-versions = ">=3.8"
groups = ["dev"]
files = [
    {file = "iniconfig-2.1.0-py3-none-any.whl", hash = "sha256:9deba5723312380e77435581c6bf4935c94cbfab9b1ed33ef8d238ea168eb760"},
    {file = "iniconfig-2.1.0.tar.gz", hash = "sha256:3abbd2e30b36733fee78f9c7f7308f2d0050e88f0087fd25c2645f63c773e1c7"},
]

[[package]]
name = "packaging"
version = "24.2"
description = "Core utilities for Python packages"
optional = false
python-versions = ">=3.8"
groups = ["dev"]
files = [
    {file = "packaging-24.2-py3-none-any.whl", hash = "sha256:09abb1bccd265c01f4a3aa3f7a7db064b36514d2cba19a2f694fe6150451a759"},
    {file = "packaging-24.2.tar.gz", hash = "sha256:c228a6dc5e932d346bc5739379109d49e8853dd8223571c7c5b55260edc0b97f"},
]

[[package]]
name = "pluggy"
version = "1.5.0"
description = "plugin and hook calling mechanisms for python"
optional = false
python-versions = ">=3.8"
groups = ["dev"]
files = [
    {file = "pluggy-1.5.0-py3-none-any.whl", hash = "sha256:44e1ad92c8ca002de6377e165f3e0f1be63266ab4d554740532335b9d75ea669"},
    {file = "pluggy-1.5.0.tar.gz", hash = "sha256:2cffa88e94fdc978c4c574f15f9e59b7f4201d439195c3715ca9e2486f1d0cf1"},
]

[package.extras]
dev = ["pre-commit", "tox"]
testing = ["pytest", "pytest-benchmark"]

[[package]]
name = "pydantic"
version = "1.10.21"
description = "Data validation and settings management using python type hints"
optional = false
python-versions = ">=3.7"
groups = ["main"]
files = [
    {file = "pydantic-1.10.21-cp310-cp310-macosx_10_9_x86_64.whl", hash = "sha256:245e486e0fec53ec2366df9cf1cba36e0bbf066af7cd9c974bbbd9ba10e1e586"},
    {file = "pydantic-1.10.21-cp310-cp310-macosx_11_0_arm64.whl", hash = "sha256:6c54f8d4c151c1de784c5b93dfbb872067e3414619e10e21e695f7bb84d1d1fd"},
    {file = "pydantic-1.10.21-cp310-cp310-manylinux_2_17_x86_64.manylinux2014_x86_64.whl", hash = "sha256:6b64708009cfabd9c2211295144ff455ec7ceb4c4fb45a07a804309598f36187"},
    {file = "pydantic-1.10.21-cp310-cp310-manylinux_2_5_i686.manylinux1_i686.manylinux_2_17_i686.manylinux2014_i686.whl", hash = "sha256:8a148410fa0e971ba333358d11a6dea7b48e063de127c2b09ece9d1c1137dde4"},
    {file = "pydantic-1.10.21-cp310-cp310-musllinux_1_2_i686.whl", hash = "sha256:36ceadef055af06e7756eb4b871cdc9e5a27bdc06a45c820cd94b443de019bbf"},
    {file = "pydantic-1.10.21-cp310-cp310-musllinux_1_2_x86_64.whl", hash = "sha256:c0501e1d12df6ab1211b8cad52d2f7b2cd81f8e8e776d39aa5e71e2998d0379f"},
    {file = "pydantic-1.10.21-cp310-cp310-win_amd64.whl", hash = "sha256:c261127c275d7bce50b26b26c7d8427dcb5c4803e840e913f8d9df3f99dca55f"},
    {file = "pydantic-1.10.21-cp311-cp311-macosx_10_9_x86_64.whl", hash = "sha256:8b6350b68566bb6b164fb06a3772e878887f3c857c46c0c534788081cb48adf4"},
    {file = "pydantic-1.10.21-cp311-cp311-macosx_11_0_arm64.whl", hash = "sha256:935b19fdcde236f4fbf691959fa5c3e2b6951fff132964e869e57c70f2ad1ba3"},
    {file = "pydantic-1.10.21-cp311-cp311-manylinux_2_17_x86_64.manylinux2014_x86_64.whl", hash = "sha256:2b6a04efdcd25486b27f24c1648d5adc1633ad8b4506d0e96e5367f075ed2e0b"},
    {file = "pydantic-1.10.21-cp311-cp311-manylinux_2_5_i686.manylinux1_i686.manylinux_2_17_i686.manylinux2014_i686.whl", hash = "sha256:c1ba253eb5af8d89864073e6ce8e6c8dec5f49920cff61f38f5c3383e38b1c9f"},
    {file = "pydantic-1.10.21-cp311-cp311-musllinux_1_2_i686.whl", hash = "sha256:57f0101e6c97b411f287a0b7cf5ebc4e5d3b18254bf926f45a11615d29475793"},
    {file = "pydantic-1.10.21-cp311-cp311-musllinux_1_2_x86_64.whl", hash = "sha256:90e85834f0370d737c77a386ce505c21b06bfe7086c1c568b70e15a568d9670d"},
    {file = "pydantic-1.10.21-cp311-cp311-win_amd64.whl", hash = "sha256:6a497bc66b3374b7d105763d1d3de76d949287bf28969bff4656206ab8a53aa9"},
    {file = "pydantic-1.10.21-cp312-cp312-macosx_10_13_x86_64.whl", hash = "sha256:2ed4a5f13cf160d64aa331ab9017af81f3481cd9fd0e49f1d707b57fe1b9f3ae"},
    {file = "pydantic-1.10.21-cp312-cp312-macosx_11_0_arm64.whl", hash = "sha256:3b7693bb6ed3fbe250e222f9415abb73111bb09b73ab90d2d4d53f6390e0ccc1"},
    {file = "pydantic-1.10.21-cp312-cp312-manylinux_2_17_x86_64.manylinux2014_x86_64.whl", hash = "sha256:185d5f1dff1fead51766da9b2de4f3dc3b8fca39e59383c273f34a6ae254e3e2"},
    {file = "pydantic-1.10.21-cp312-cp312-manylinux_2_5_i686.manylinux1_i686.manylinux_2_17_i686.manylinux2014_i686.whl", hash = "sha256:38e6d35cf7cd1727822c79e324fa0677e1a08c88a34f56695101f5ad4d5e20e5"},
    {file = "pydantic-1.10.21-cp312-cp312-musllinux_1_2_i686.whl", hash = "sha256:1d7c332685eafacb64a1a7645b409a166eb7537f23142d26895746f628a3149b"},
    {file = "pydantic-1.10.21-cp312-cp312-musllinux_1_2_x86_64.whl", hash = "sha256:2c9b782db6f993a36092480eeaab8ba0609f786041b01f39c7c52252bda6d85f"},
    {file = "pydantic-1.10.21-cp312-cp312-win_amd64.whl", hash = "sha256:7ce64d23d4e71d9698492479505674c5c5b92cda02b07c91dfc13633b2eef805"},
    {file = "pydantic-1.10.21-cp313-cp313-macosx_10_13_x86_64.whl", hash = "sha256:0067935d35044950be781933ab91b9a708eaff124bf860fa2f70aeb1c4be7212"},
    {file = "pydantic-1.10.21-cp313-cp313-macosx_11_0_arm64.whl", hash = "sha256:5e8148c2ce4894ce7e5a4925d9d3fdce429fb0e821b5a8783573f3611933a251"},
    {file = "pydantic-1.10.21-cp313-cp313-manylinux_2_17_x86_64.manylinux2014_x86_64.whl", hash = "sha256:a4973232c98b9b44c78b1233693e5e1938add5af18042f031737e1214455f9b8"},
    {file = "pydantic-1.10.21-cp313-cp313-manylinux_2_5_i686.manylinux1_i686.manylinux_2_17_i686.manylinux2014_i686.whl", hash = "sha256:662bf5ce3c9b1cef32a32a2f4debe00d2f4839fefbebe1d6956e681122a9c839"},
    {file = "pydantic-1.10.21-cp313-cp313-musllinux_1_2_i686.whl", hash = "sha256:98737c3ab5a2f8a85f2326eebcd214510f898881a290a7939a45ec294743c875"},
    {file = "pydantic-1.10.21-cp313-cp313-musllinux_1_2_x86_64.whl", hash = "sha256:0bb58bbe65a43483d49f66b6c8474424d551a3fbe8a7796c42da314bac712738"},
    {file = "pydantic-1.10.21-cp313-cp313-win_amd64.whl", hash = "sha256:e622314542fb48542c09c7bd1ac51d71c5632dd3c92dc82ede6da233f55f4848"},
    {file = "pydantic-1.10.21-cp37-cp37m-macosx_10_9_x86_64.whl", hash = "sha256:d356aa5b18ef5a24d8081f5c5beb67c0a2a6ff2a953ee38d65a2aa96526b274f"},
    {file = "pydantic-1.10.21-cp37-cp37m-manylinux_2_17_x86_64.manylinux2014_x86_64.whl", hash = "sha256:08caa8c0468172d27c669abfe9e7d96a8b1655ec0833753e117061febaaadef5"},
    {file = "pydantic-1.10.21-cp37-cp37m-manylinux_2_5_i686.manylinux1_i686.manylinux_2_17_i686.manylinux2014_i686.whl", hash = "sha256:c677aa39ec737fec932feb68e4a2abe142682f2885558402602cd9746a1c92e8"},
    {file = "pydantic-1.10.21-cp37-cp37m-musllinux_1_2_i686.whl", hash = "sha256:79577cc045d3442c4e845df53df9f9202546e2ba54954c057d253fc17cd16cb1"},
    {file = "pydantic-1.10.21-cp37-cp37m-musllinux_1_2_x86_64.whl", hash = "sha256:b6b73ab347284719f818acb14f7cd80696c6fdf1bd34feee1955d7a72d2e64ce"},
    {file = "pydantic-1.10.21-cp37-cp37m-win_amd64.whl", hash = "sha256:46cffa24891b06269e12f7e1ec50b73f0c9ab4ce71c2caa4ccf1fb36845e1ff7"},
    {file = "pydantic-1.10.21-cp38-cp38-macosx_10_9_x86_64.whl", hash = "sha256:298d6f765e3c9825dfa78f24c1efd29af91c3ab1b763e1fd26ae4d9e1749e5c8"},
    {file = "pydantic-1.10.21-cp38-cp38-macosx_11_0_arm64.whl", hash = "sha256:f2f4a2305f15eff68f874766d982114ac89468f1c2c0b97640e719cf1a078374"},
    {file = "pydantic-1.10.21-cp38-cp38-manylinux_2_17_x86_64.manylinux2014_x86_64.whl", hash = "sha256:35b263b60c519354afb3a60107d20470dd5250b3ce54c08753f6975c406d949b"},
    {file = "pydantic-1.10.21-cp38-cp38-manylinux_2_5_i686.manylinux1_i686.manylinux_2_17_i686.manylinux2014_i686.whl", hash = "sha256:e23a97a6c2f2db88995496db9387cd1727acdacc85835ba8619dce826c0b11a6"},
    {file = "pydantic-1.10.21-cp38-cp38-musllinux_1_2_i686.whl", hash = "sha256:3c96fed246ccc1acb2df032ff642459e4ae18b315ecbab4d95c95cfa292e8517"},
    {file = "pydantic-1.10.21-cp38-cp38-musllinux_1_2_x86_64.whl", hash = "sha256:b92893ebefc0151474f682e7debb6ab38552ce56a90e39a8834734c81f37c8a9"},
    {file = "pydantic-1.10.21-cp38-cp38-win_amd64.whl", hash = "sha256:b8460bc256bf0de821839aea6794bb38a4c0fbd48f949ea51093f6edce0be459"},
    {file = "pydantic-1.10.21-cp39-cp39-macosx_10_9_x86_64.whl", hash = "sha256:5d387940f0f1a0adb3c44481aa379122d06df8486cc8f652a7b3b0caf08435f7"},
    {file = "pydantic-1.10.21-cp39-cp39-macosx_11_0_arm64.whl", hash = "sha256:266ecfc384861d7b0b9c214788ddff75a2ea123aa756bcca6b2a1175edeca0fe"},
    {file = "pydantic-1.10.21-cp39-cp39-manylinux_2_17_x86_64.manylinux2014_x86_64.whl", hash = "sha256:61da798c05a06a362a2f8c5e3ff0341743e2818d0f530eaac0d6898f1b187f1f"},
    {file = "pydantic-1.10.21-cp39-cp39-manylinux_2_5_i686.manylinux1_i686.manylinux_2_17_i686.manylinux2014_i686.whl", hash = "sha256:a621742da75ce272d64ea57bd7651ee2a115fa67c0f11d66d9dcfc18c2f1b106"},
    {file = "pydantic-1.10.21-cp39-cp39-musllinux_1_2_i686.whl", hash = "sha256:9e3e4000cd54ef455694b8be9111ea20f66a686fc155feda1ecacf2322b115da"},
    {file = "pydantic-1.10.21-cp39-cp39-musllinux_1_2_x86_64.whl", hash = "sha256:f198c8206640f4c0ef5a76b779241efb1380a300d88b1bce9bfe95a6362e674d"},
    {file = "pydantic-1.10.21-cp39-cp39-win_amd64.whl", hash = "sha256:e7f0cda108b36a30c8fc882e4fc5b7eec8ef584aa43aa43694c6a7b274fb2b56"},
    {file = "pydantic-1.10.21-py3-none-any.whl", hash = "sha256:db70c920cba9d05c69ad4a9e7f8e9e83011abb2c6490e561de9ae24aee44925c"},
    {file = "pydantic-1.10.21.tar.gz", hash = "sha256:64b48e2b609a6c22178a56c408ee1215a7206077ecb8a193e2fda31858b2362a"},
]

[package.dependencies]
typing-extensions = ">=4.2.0"

[package.extras]
dotenv = ["python-dotenv (>=0.10.4)"]
email = ["email-validator (>=1.0.3)"]

[[package]]
name = "pytest"
version = "7.4.4"
description = "pytest: simple powerful testing with Python"
optional = false
python-versions = ">=3.7"
groups = ["dev"]
files = [
    {file = "pytest-7.4.4-py3-none-any.whl", hash = "sha256:b090cdf5ed60bf4c45261be03239c2c1c22df034fbffe691abe93cd80cea01d8"},
    {file = "pytest-7.4.4.tar.gz", hash = "sha256:2cf0005922c6ace4a3e2ec8b4080eb0d9753fdc93107415332f50ce9e7994280"},
]

[package.dependencies]
colorama = {version = "*", markers = "sys_platform == \"win32\""}
exceptiongroup = {version = ">=1.0.0rc8", markers = "python_version < \"3.11\""}
iniconfig = "*"
packaging = "*"
pluggy = ">=0.12,<2.0"
tomli = {version = ">=1.0.0", markers = "python_version < \"3.11\""}

[package.extras]
testing = ["argcomplete", "attrs (>=19.2.0)", "hypothesis (>=3.56)", "mock", "nose", "pygments (>=2.7.2)", "requests", "setuptools", "xmlschema"]

[[package]]
name = "rfc3986"
version = "1.5.0"
description = "Validating URI References per RFC 3986"
optional = false
python-versions = "*"
groups = ["dev"]
files = [
    {file = "rfc3986-1.5.0-py2.py3-none-any.whl", hash = "sha256:a86d6e1f5b1dc238b218b012df0aa79409667bb209e58da56d0b94704e712a97"},
    {file = "rfc3986-1.5.0.tar.gz", hash = "sha256:270aaf10d87d0d4e095063c65bf3ddbc6ee3d0b226328ce21e036f946e421835"},
]

[package.dependencies]
idna = {version = "*", optional = true, markers = "extra == \"idna2008\""}

[package.extras]
idna2008 = ["idna"]

[[package]]
name = "sniffio"
version = "1.3.1"
description = "Sniff out which async library your code is running under"
optional = false
python-versions = ">=3.7"
groups = ["dev"]
files = [
    {file = "sniffio-1.3.1-py3-none-any.whl", hash = "sha256:2f6da418d1f1e0fddd844478f41680e794e6051915791a034ff65e5f100525a2"},
    {file = "sniffio-1.3.1.tar.gz", hash = "sha256:f4324edc670a0f49750a81b895f35c3adb843cca46f0530f79fc1babb23789dc"},
]

[[package]]
name = "starlette"
version = "0.14.2"
description = "The little ASGI library that shines."
optional = false
python-versions = ">=3.6"
groups = ["main"]
files = [
    {file = "starlette-0.14.2-py3-none-any.whl", hash = "sha256:3c8e48e52736b3161e34c9f0e8153b4f32ec5d8995a3ee1d59410d92f75162ed"},
    {file = "starlette-0.14.2.tar.gz", hash = "sha256:7d49f4a27f8742262ef1470608c59ddbc66baf37c148e938c7038e6bc7a998aa"},
]

[package.extras]
full = ["aiofiles", "graphene", "itsdangerous", "jinja2", "python-multipart", "pyyaml", "requests"]

[[package]]
name = "tomli"
version = "2.2.1"
description = "A lil' TOML parser"
optional = false
python-versions = ">=3.8"
groups = ["dev"]
markers = "python_version < \"3.11\""
files = [
    {file = "tomli-2.2.1-cp311-cp311-macosx_10_9_x86_64.whl", hash = "sha256:678e4fa69e4575eb77d103de3df8a895e1591b48e740211bd1067378c69e8249"},
    {file = "tomli-2.2.1-cp311-cp311-macosx_11_0_arm64.whl", hash = "sha256:023aa114dd824ade0100497eb2318602af309e5a55595f76b626d6d9f3b7b0a6"},
    {file = "tomli-2.2.1-cp311-cp311-manylinux_2_17_aarch64.manylinux2014_aarch64.whl", hash = "sha256:ece47d672db52ac607a3d9599a9d48dcb2f2f735c6c2d1f34130085bb12b112a"},
    {file = "tomli-2.2.1-cp311-cp311-manylinux_2_17_x86_64.manylinux2014_x86_64.whl", hash = "sha256:6972ca9c9cc9f0acaa56a8ca1ff51e7af152a9f87fb64623e31d5c83700080ee"},
    {file = "tomli-2.2.1-cp311-cp311-manylinux_2_5_i686.manylinux1_i686.manylinux_2_17_i686.manylinux2014_i686.whl", hash = "sha256:c954d2250168d28797dd4e3ac5cf812a406cd5a92674ee4c8f123c889786aa8e"},
    {file = "tomli-2.2.1-cp311-cp311-musllinux_1_2_aarch64.whl", hash = "sha256:8dd28b3e155b80f4d54beb40a441d366adcfe740969820caf156c019fb5c7ec4"},
    {file = "tomli-2.2.1-cp311-cp311-musllinux_1_2_i686.whl", hash = "sha256:e59e304978767a54663af13c07b3d1af22ddee3bb2fb0618ca1593e4f593a106"},
    {file = "tomli-2.2.1-cp311-cp311-musllinux_1_2_x86_64.whl", hash = "sha256:33580bccab0338d00994d7f16f4c4ec25b776af3ffaac1ed74e0b3fc95e885a8"},
    {file = "tomli-2.2.1-cp311-cp311-win32.whl", hash = "sha256:465af0e0875402f1d226519c9904f37254b3045fc5084697cefb9bdde1ff99ff"},
    {file = "tomli-2.2.1-cp311-cp311-win_amd64.whl", hash = "sha256:2d0f2fdd22b02c6d81637a3c95f8cd77f995846af7414c5c4b8d0545afa1bc4b"},
    {file = "tomli-2.2.1-cp312-cp312-macosx_10_13_x86_64.whl", hash = "sha256:4a8f6e44de52d5e6c657c9fe83b562f5f4256d8ebbfe4ff922c495620a7f6cea"},
    {file = "tomli-2.2.1-cp312-cp312-macosx_11_0_arm64.whl", hash = "sha256:8d57ca8095a641b8237d5b079147646153d22552f1c637fd3ba7f4b0b29167a8"},
    {file = "tomli-2.2.1-cp312-cp312-manylinux_2_17_aarch64.manylinux2014_aarch64.whl", hash = "sha256:4e340144ad7ae1533cb897d406382b4b6fede8890a03738ff1683af800d54192"},
    {file = "tomli-2.2.1-cp312-cp312-manylinux_2_17_x86_64.manylinux2014_x86_64.whl", hash = "sha256:db2b95f9de79181805df90bedc5a5ab4c165e6ec3fe99f970d0e302f384ad222"},
    {file = "tomli-2.2.1-cp312-cp312-manylinux_2_5_i686.manylinux1_i686.manylinux_2_17_i686.manylinux2014_i686.whl", hash = "sha256:40741994320b232529c802f8bc86da4e1aa9f413db394617b9a256ae0f9a7f77"},
    {file = "tomli-2.2.1-cp312-cp312-musllinux_1_2_aarch64.whl", hash = "sha256:400e720fe168c0f8521520190686ef8ef033fb19fc493da09779e592861b78c6"},
    {file = "tomli-2.2.1-cp312-cp312-musllinux_1_2_i686.whl", hash = "sha256:02abe224de6ae62c19f090f68da4e27b10af2b93213d36cf44e6e1c5abd19fdd"},
    {file = "tomli-2.2.1-cp312-cp312-musllinux_1_2_x86_64.whl", hash = "sha256:b82ebccc8c8a36f2094e969560a1b836758481f3dc360ce9a3277c65f374285e"},
    {file = "tomli-2.2.1-cp312-cp312-win32.whl", hash = "sha256:889f80ef92701b9dbb224e49ec87c645ce5df3fa2cc548664eb8a25e03127a98"},
    {file = "tomli-2.2.1-cp312-cp312-win_amd64.whl", hash = "sha256:7fc04e92e1d624a4a63c76474610238576942d6b8950a2d7f908a340494e67e4"},
    {file = "tomli-2.2.1-cp313-cp313-macosx_10_13_x86_64.whl", hash = "sha256:f4039b9cbc3048b2416cc57ab3bda989a6fcf9b36cf8937f01a6e731b64f80d7"},
    {file = "tomli-2.2.1-cp313-cp313-macosx_11_0_arm64.whl", hash = "sha256:286f0ca2ffeeb5b9bd4fcc8d6c330534323ec51b2f52da063b11c502da16f30c"},
    {file = "tomli-2.2.1-cp313-cp313-manylinux_2_17_aarch64.manylinux2014_aarch64.whl", hash = "sha256:a92ef1a44547e894e2a17d24e7557a5e85a9e1d0048b0b5e7541f76c5032cb13"},
    {file = "tomli-2.2.1-cp313-cp313-manylinux_2_17_x86_64.manylinux2014_x86_64.whl", hash = "sha256:9316dc65bed1684c9a98ee68759ceaed29d229e985297003e494aa825ebb0281"},
    {file = "tomli-2.2.1-cp313-cp313-manylinux_2_5_i686.manylinux1_i686.manylinux_2_17_i686.manylinux2014_i686.whl", hash = "sha256:e85e99945e688e32d5a35c1ff38ed0b3f41f43fad8df0bdf79f72b2ba7bc5272"},
    {file = "tomli-2.2.1-cp313-cp313-musllinux_1_2_aarch64.whl", hash = "sha256:ac065718db92ca818f8d6141b5f66369833d4a80a9d74435a268c52bdfa73140"},
    {file = "tomli-2.2.1-cp313-cp313-musllinux_1_2_i686.whl", hash = "sha256:d920f33822747519673ee656a4b6ac33e382eca9d331c87770faa3eef562aeb2"},
    {file = "tomli-2.2.1-cp313-cp313-musllinux_1_2_x86_64.whl", hash = "sha256:a198f10c4d1b1375d7687bc25294306e551bf1abfa4eace6650070a5c1ae2744"},
    {file = "tomli-2.2.1-cp313-cp313-win32.whl", hash = "sha256:d3f5614314d758649ab2ab3a62d4f2004c825922f9e370b29416484086b264ec"},
    {file = "tomli-2.2.1-cp313-cp313-win_amd64.whl", hash = "sha256:a38aa0308e754b0e3c67e344754dff64999ff9b513e691d0e786265c93583c69"},
    {file = "tomli-2.2.1-py3-none-any.whl", hash = "sha256:cb55c73c5f4408779d0cf3eef9f762b9c9f147a77de7b258bef0a5628adc85cc"},
    {file = "tomli-2.2.1.tar.gz", hash = "sha256:cd45e1dc79c835ce60f7404ec8119f2eb06d38b1deba146f07ced3bbc44505ff"},
]

[[package]]
name = "typing-extensions"
version = "4.13.1"
description = "Backported and Experimental Type Hints for Python 3.8+"
optional = false
python-versions = ">=3.8"
groups = ["main", "dev"]
files = [
    {file = "typing_extensions-4.13.1-py3-none-any.whl", hash = "sha256:4b6cf02909eb5495cfbc3f6e8fd49217e6cc7944e145cdda8caa3734777f9e69"},
    {file = "typing_extensions-4.13.1.tar.gz", hash = "sha256:98795af00fb9640edec5b8e31fc647597b4691f099ad75f469a2616be1a76dff"},
]
markers = {dev = "python_version < \"3.11\""}

[[package]]
name = "uvicorn"
version = "0.15.0"
description = "The lightning-fast ASGI server."
optional = false
python-versions = "*"
groups = ["main"]
files = [
    {file = "uvicorn-0.15.0-py3-none-any.whl", hash = "sha256:17f898c64c71a2640514d4089da2689e5db1ce5d4086c2d53699bf99513421c1"},
    {file = "uvicorn-0.15.0.tar.gz", hash = "sha256:d9a3c0dd1ca86728d3e235182683b4cf94cd53a867c288eaeca80ee781b2caff"},
]

[package.dependencies]
asgiref = ">=3.4.0"
click = ">=7.0"
h11 = ">=0.8"

[package.extras]
standard = ["PyYAML (>=5.1)", "colorama (>=0.4) ; sys_platform == \"win32\"", "httptools (==0.2.*)", "python-dotenv (>=0.13)", "uvloop (>=0.14.0,!=0.15.0,!=0.15.1) ; sys_platform != \"win32\" and sys_platform != \"cygwin\" and platform_python_implementation != \"PyPy\"", "watchgod (>=0.6)", "websockets (>=9.1)"]

[metadata]
lock-version = "2.1"
python-versions = "^3.8"
content-hash = "ca8d027e6810be02cddcf71850c05fd99ea99333f0cbf3991b060d8ccf64da0e"
